
Microsoft Visual Studio Solution File, Format Version 12.00
Project("{FAE04EC0-301F-11D3-BF4B-00C04F79EFBC}") = "APBDCW11", "APBDCW11\APBDCW11.csproj", "{3707C43B-1E36-4291-BC1A-369BFED50498}"
EndProject
Global
	GlobalSection(SolutionConfigurationPlatforms) = preSolution
		Debug|Any CPU = Debug|Any CPU
		Release|Any CPU = Release|Any CPU
	EndGlobalSection
	GlobalSection(ProjectConfigurationPlatforms) = postSolution
		{3707C43B-1E36-4291-BC1A-369BFED50498}.Debug|Any CPU.ActiveCfg = Debug|Any CPU
		{3707C43B-1E36-4291-BC1A-369BFED50498}.Debug|Any CPU.Build.0 = Debug|Any CPU
		{3707C43B-1E36-4291-BC1A-369BFED50498}.Release|Any CPU.ActiveCfg = Release|Any CPU
		{3707C43B-1E36-4291-BC1A-369BFED50498}.Release|Any CPU.Build.0 = Release|Any CPU
	EndGlobalSection
EndGlobal
